{
  "version": 4,
  "terraform_version": "0.13.2",
  "serial": 3,
  "lineage": "940fc20f-83d8-a100-358f-bf8e8f05c150",
  "outputs": {},
  "resources": [
    {
      "mode": "managed",
      "type": "aws_sqs_queue",
      "name": "terraform_queue",
      "provider": "provider[\"registry.terraform.io/hashicorp/aws\"]",
      "instances": [
        {
          "schema_version": 0,
          "attributes": {
            "arn": "arn:aws:sqs:us-east-1:547900672724:terraform-example-queue",
            "content_based_deduplication": false,
            "delay_seconds": 90,
            "fifo_queue": false,
            "id": "https://sqs.us-east-1.amazonaws.com/547900672724/terraform-example-queue",
            "kms_data_key_reuse_period_seconds": 300,
            "kms_master_key_id": "",
            "max_message_size": 2048,
            "message_retention_seconds": 86400,
            "name": "terraform-example-queue",
            "name_prefix": null,
            "policy": "",
            "receive_wait_time_seconds": 10,
            "redrive_policy": "",
            "tags": null,
            "visibility_timeout_seconds": 30
          },
          "private": "bnVsbA=="
        }
      ]
    }
  ]
}
