{
  "version": 4,
  "terraform_version": "0.13.2",
  "serial": 7,
  "lineage": "7d1f488d-b879-73da-0874-f4044ea7d5bb",
  "outputs": {},
  "resources": [
    {
      "mode": "managed",
      "type": "aws_iam_group",
      "name": "group1",
      "provider": "provider[\"registry.terraform.io/hashicorp/aws\"]",
      "instances": [
        {
          "schema_version": 0,
          "attributes": {
            "arn": "arn:aws:iam::547900672724:group/group1",
            "id": "group1",
            "name": "group1",
            "path": "/",
            "unique_id": "AGPAX7ELMZLKJ2VTYQIKO"
          },
          "private": "bnVsbA=="
        }
      ]
    },
    {
      "mode": "managed",
      "type": "aws_iam_group",
      "name": "group2",
      "provider": "provider[\"registry.terraform.io/hashicorp/aws\"]",
      "instances": [
        {
          "schema_version": 0,
          "attributes": {
            "arn": "arn:aws:iam::547900672724:group/group2",
            "id": "group2",
            "name": "group2",
            "path": "/",
            "unique_id": "AGPAX7ELMZLKN36GUBJE7"
          },
          "private": "bnVsbA=="
        }
      ]
    },
    {
      "mode": "managed",
      "type": "aws_iam_group",
      "name": "group3",
      "provider": "provider[\"registry.terraform.io/hashicorp/aws\"]",
      "instances": [
        {
          "schema_version": 0,
          "attributes": {
            "arn": "arn:aws:iam::547900672724:group/group3",
            "id": "group3",
            "name": "group3",
            "path": "/",
            "unique_id": "AGPAX7ELMZLKK4QOQKLFF"
          },
          "private": "bnVsbA=="
        }
      ]
    },
    {
      "mode": "managed",
      "type": "aws_iam_user",
      "name": "user1",
      "provider": "provider[\"registry.terraform.io/hashicorp/aws\"]",
      "instances": [
        {
          "schema_version": 0,
          "attributes": {
            "arn": "arn:aws:iam::547900672724:user/user1",
            "force_destroy": false,
            "id": "user1",
            "name": "user1",
            "path": "/",
            "permissions_boundary": null,
            "tags": null,
            "unique_id": "AIDAX7ELMZLKCJPGBSC4K"
          },
          "private": "bnVsbA=="
        }
      ]
    },
    {
      "mode": "managed",
      "type": "aws_iam_user_group_membership",
      "name": "example1",
      "provider": "provider[\"registry.terraform.io/hashicorp/aws\"]",
      "instances": [
        {
          "schema_version": 0,
          "attributes": {
            "groups": [
              "group1",
              "group2"
            ],
            "id": "terraform-20200914074354509700000002",
            "user": "user1"
          },
          "private": "bnVsbA==",
          "dependencies": [
            "aws_iam_group.group1",
            "aws_iam_group.group2",
            "aws_iam_user.user1"
          ]
        }
      ]
    },
    {
      "mode": "managed",
      "type": "aws_iam_user_group_membership",
      "name": "example2",
      "provider": "provider[\"registry.terraform.io/hashicorp/aws\"]",
      "instances": [
        {
          "schema_version": 0,
          "attributes": {
            "groups": [
              "group3"
            ],
            "id": "terraform-20200914074352875800000001",
            "user": "user1"
          },
          "private": "bnVsbA==",
          "dependencies": [
            "aws_iam_group.group3",
            "aws_iam_user.user1"
          ]
        }
      ]
    }
  ]
}
