{
  "version": 4,
  "terraform_version": "0.13.2",
  "serial": 2,
  "lineage": "c662820f-1257-b670-ceed-cca0f629341c",
  "outputs": {},
  "resources": [
    {
      "mode": "managed",
      "type": "aws_redshift_cluster",
      "name": "default",
      "provider": "provider[\"registry.terraform.io/hashicorp/aws\"]",
      "instances": [
        {
          "schema_version": 0,
          "attributes": {
            "allow_version_upgrade": true,
            "arn": "arn:aws:redshift:us-east-1:777254508620:cluster:tf-redshift-cluster",
            "automated_snapshot_retention_period": 1,
            "availability_zone": "us-east-1c",
            "cluster_identifier": "tf-redshift-cluster",
            "cluster_parameter_group_name": "default.redshift-1.0",
            "cluster_public_key": "ssh-rsa AAAAB3NzaC1yc2EAAAADAQABAAABAQCqoUZFyesFD8Hc74aA6rLPaSfFCYRUPUfWDJ1FkmuGs92KOnhYfTF12a2NahH6kY7DMNJgm/e3y5RcVVVO91EigGXv1VKHD8fTnLlAOot//MjlRRChVnynFguF0LaK6l1DcTOGAgfIc2FnceCKlFC598QhnnR0x0LdnkEUTC8JnkCvxuXUtJzTmBnKjuLGH/m2eMWEFkmbdBD6ZBq9wstRMTcxoOwoJ0z/M5jClKDUh4Xqng/76w/wIO3kJ15lU/73vocm/oQ7XD5p7IWbCwxJE4b3borQACa3dLGhbZp0KH36DMAn+QZL+2SBpxoMIJ087PLBdp2j7IHhC0MMZev3 Amazon-Redshift\n",
            "cluster_revision_number": "18861",
            "cluster_security_groups": [],
            "cluster_subnet_group_name": "default",
            "cluster_type": "single-node",
            "cluster_version": "1.0",
            "database_name": "mydb",
            "dns_name": "tf-redshift-cluster.clufjcctfsmn.us-east-1.redshift.amazonaws.com",
            "elastic_ip": null,
            "encrypted": false,
            "endpoint": "tf-redshift-cluster.clufjcctfsmn.us-east-1.redshift.amazonaws.com:5439",
            "enhanced_vpc_routing": false,
            "final_snapshot_identifier": null,
            "iam_roles": [],
            "id": "tf-redshift-cluster",
            "kms_key_id": "",
            "logging": [
              {
                "bucket_name": "",
                "enable": false,
                "s3_key_prefix": ""
              }
            ],
            "master_password": "Duplicate1password",
            "master_username": "foo",
            "node_type": "dc1.large",
            "number_of_nodes": 1,
            "owner_account": null,
            "port": 5439,
            "preferred_maintenance_window": "tue:09:30-tue:10:00",
            "publicly_accessible": true,
            "skip_final_snapshot": false,
            "snapshot_cluster_identifier": null,
            "snapshot_copy": [],
            "snapshot_identifier": null,
            "tags": {},
            "timeouts": null,
            "vpc_security_group_ids": [
              "sg-0f62eb602d96f3650"
            ]
          }
        }
      ]
    }
  ]
}
